
Microsoft Visual Studio Solution File, Format Version 12.00
# Visual Studio Version 17
VisualStudioVersion = 17.14.37314.3 d17.14
MinimumVisualStudioVersion = 10.0.40219.1
Project("{FAE04EC0-301F-11D3-BF4B-00C04F79EFBC}") = "SeparateHostility", "SeparateHostility.csproj", "{DEADBEEF-BEEF-BEEF-BEEF-BEEFBEEFBEEF}"
EndProject
Global
	GlobalSection(SolutionConfigurationPlatforms) = preSolution
		Debug|Any CPU = Debug|Any CPU
		Release|Any CPU = Release|Any CPU
	EndGlobalSection
	GlobalSection(ProjectConfigurationPlatforms) = postSolution
		{DEADBEEF-BEEF-BEEF-BEEF-BEEFBEEFBEEF}.Debug|Any CPU.ActiveCfg = Debug|Any CPU
		{DEADBEEF-BEEF-BEEF-BEEF-BEEFBEEFBEEF}.Debug|Any CPU.Build.0 = Debug|Any CPU
		{DEADBEEF-BEEF-BEEF-BEEF-BEEFBEEFBEEF}.Release|Any CPU.ActiveCfg = Release|Any CPU
		{DEADBEEF-BEEF-BEEF-BEEF-BEEFBEEFBEEF}.Release|Any CPU.Build.0 = Release|Any CPU
	EndGlobalSection
	GlobalSection(SolutionProperties) = preSolution
		HideSolutionNode = FALSE
	EndGlobalSection
	GlobalSection(ExtensibilityGlobals) = postSolution
		SolutionGuid = {2FC5674C-594B-43D8-893A-821BCBD7F06A}
	EndGlobalSection
EndGlobal
